
Microsoft Visual Studio Solution File, Format Version 12.00
# Visual Studio Version 17
VisualStudioVersion = 17.4.33403.182
MinimumVisualStudioVersion = 10.0.40219.1
Project("{9A19103F-16F7-4668-BE54-9A1E7A4F7556}") = "Project_DotNetCore.Web", "Project_DotNetCore.Web\Project_DotNetCore.Web.csproj", "{8007D6F2-A4C1-4AE8-B0DE-92D34BC75EF4}"
EndProject
Project("{9A19103F-16F7-4668-BE54-9A1E7A4F7556}") = "Project_DotNetCore.Base", "Project_DotNetCore.Base\Project_DotNetCore.Base.csproj", "{697875EF-4F1C-4C96-8B74-102573A458F5}"
EndProject
Global
	GlobalSection(SolutionConfigurationPlatforms) = preSolution
		Debug|Any CPU = Debug|Any CPU
		Release|Any CPU = Release|Any CPU
	EndGlobalSection
	GlobalSection(ProjectConfigurationPlatforms) = postSolution
		{8007D6F2-A4C1-4AE8-B0DE-92D34BC75EF4}.Debug|Any CPU.ActiveCfg = Debug|Any CPU
		{8007D6F2-A4C1-4AE8-B0DE-92D34BC75EF4}.Debug|Any CPU.Build.0 = Debug|Any CPU
		{8007D6F2-A4C1-4AE8-B0DE-92D34BC75EF4}.Release|Any CPU.ActiveCfg = Release|Any CPU
		{8007D6F2-A4C1-4AE8-B0DE-92D34BC75EF4}.Release|Any CPU.Build.0 = Release|Any CPU
		{697875EF-4F1C-4C96-8B74-102573A458F5}.Debug|Any CPU.ActiveCfg = Debug|Any CPU
		{697875EF-4F1C-4C96-8B74-102573A458F5}.Debug|Any CPU.Build.0 = Debug|Any CPU
		{697875EF-4F1C-4C96-8B74-102573A458F5}.Release|Any CPU.ActiveCfg = Release|Any CPU
		{697875EF-4F1C-4C96-8B74-102573A458F5}.Release|Any CPU.Build.0 = Release|Any CPU
	EndGlobalSection
	GlobalSection(SolutionProperties) = preSolution
		HideSolutionNode = FALSE
	EndGlobalSection
	GlobalSection(ExtensibilityGlobals) = postSolution
		SolutionGuid = {54CE758D-3225-463C-9865-95FB4B9544C9}
	EndGlobalSection
EndGlobal
